{
  "requires": true,
  "lockfileVersion": 1,
  "dependencies": {
    "axios": {
      "version": "0.18.0",
      "resolved": "http://repo.krproject.org/nexus/repository/npm-public/axios/-/axios-0.18.0.tgz",
      "integrity": "sha1-MtU+SFHv3AoRmTts0AB4nXDAUQI=",
      "requires": {
        "follow-redirects": "^1.3.0",
        "is-buffer": "^1.1.5"
      }
    },
    "big.js": {
      "version": "3.2.0",
      "resolved": "http://repo.krproject.org/nexus/repository/npm-public/big.js/-/big.js-3.2.0.tgz",
      "integrity": "sha1-pfwpi4G54Nyi5FiCR4S2XFK6WI4="
    },
    "debug": {
      "version": "3.1.0",
      "resolved": "http://repo.krproject.org/nexus/repository/npm-public/debug/-/debug-3.1.0.tgz",
      "integrity": "sha1-W7WgZyYotkFJVmuhaBnmFRjGcmE=",
      "requires": {
        "ms": "2.0.0"
      }
    },
    "emojis-list": {
      "version": "2.1.0",
      "resolved": "http://repo.krproject.org/nexus/repository/npm-public/emojis-list/-/emojis-list-2.1.0.tgz",
      "integrity": "sha1-TapNnbAPmBmIDHn6RXrlsJof04k="
    },
    "follow-redirects": {
      "version": "1.5.8",
      "resolved": "http://repo.krproject.org/nexus/repository/npm-public/follow-redirects/-/follow-redirects-1.5.8.tgz",
      "integrity": "sha1-Hb/hPkWtlp+BPobADlKW9SXIhaE=",
      "requires": {
        "debug": "=3.1.0"
      }
    },
    "is-buffer": {
      "version": "1.1.6",
      "resolved": "http://repo.krproject.org/nexus/repository/npm-public/is-buffer/-/is-buffer-1.1.6.tgz",
      "integrity": "sha1-76ouqdqg16suoTqXsritUf776L4="
    },
    "json5": {
      "version": "0.5.1",
      "resolved": "http://repo.krproject.org/nexus/repository/npm-public/json5/-/json5-0.5.1.tgz",
      "integrity": "sha1-Hq3nrMASA0rYTiOWdn6tn6VJWCE="
    },
    "loader-utils": {
      "version": "1.1.0",
      "resolved": "http://repo.krproject.org/nexus/repository/npm-public/loader-utils/-/loader-utils-1.1.0.tgz",
      "integrity": "sha1-yYrvSIvM7aL/teLeZG1qdUQp9c0=",
      "requires": {
        "big.js": "^3.1.3",
        "emojis-list": "^2.0.0",
        "json5": "^0.5.0"
      }
    },
    "lodash.clonedeep": {
      "version": "4.5.0",
      "resolved": "http://repo.krproject.org/nexus/repository/npm-public/lodash.clonedeep/-/lodash.clonedeep-4.5.0.tgz",
      "integrity": "sha1-4j8/nE+Pvd6HJSnBBxhXoIblzO8="
    },
    "ms": {
      "version": "2.0.0",
      "resolved": "http://repo.krproject.org/nexus/repository/npm-public/ms/-/ms-2.0.0.tgz",
      "integrity": "sha1-VgiurfwAvmwpAd9fmGF4jeDVl8g="
    },
    "stylus-loader": {
      "version": "3.0.2",
      "resolved": "http://repo.krproject.org/nexus/repository/npm-public/stylus-loader/-/stylus-loader-3.0.2.tgz",
      "integrity": "sha1-J6cGQgsFo44DjnyssVNXjUUFE8Y=",
      "requires": {
        "loader-utils": "^1.0.2",
        "lodash.clonedeep": "^4.5.0",
        "when": "~3.6.x"
      }
    },
    "when": {
      "version": "3.6.4",
      "resolved": "http://repo.krproject.org/nexus/repository/npm-public/when/-/when-3.6.4.tgz",
      "integrity": "sha1-RztRfsFZ4rhQBUl6E5g/CVQS404="
    }
  }
}
